# THIS IS AN AUTOGENERATED FILE. DO NOT EDIT THIS FILE DIRECTLY.
# yarn lockfile v1


"@mswjs/interceptors@^0.29.1":
  version "0.29.1"
  resolved "https://registry.npmjs.org/@mswjs/interceptors/-/interceptors-0.29.1.tgz"
  integrity sha512-3rDakgJZ77+RiQUuSK69t1F0m8BQKA8Vh5DCS5V0DWvNY67zob2JhhQrhCO0AKLGINTRSFd1tBaHcJTkhefoSw==
  dependencies:
    "@open-draft/deferred-promise" "^2.2.0"
    "@open-draft/logger" "^0.3.0"
    "@open-draft/until" "^2.0.0"
    is-node-process "^1.2.0"
    outvariant "^1.2.1"
    strict-event-emitter "^0.5.1"

"@open-draft/deferred-promise@^2.2.0":
  version "2.2.0"
  resolved "https://registry.npmjs.org/@open-draft/deferred-promise/-/deferred-promise-2.2.0.tgz"
  integrity sha512-CecwLWx3rhxVQF6V4bAgPS5t+So2sTbPgAzafKkVizyi7tlwpcFpdFqq+wqF2OwNBmqFuu6tOyouTuxgpMfzmA==

"@open-draft/logger@^0.3.0":
  version "0.3.0"
  resolved "https://registry.npmjs.org/@open-draft/logger/-/logger-0.3.0.tgz"
  integrity sha512-X2g45fzhxH238HKO4xbSr7+wBS8Fvw6ixhTDuvLd5mqh6bJJCFAPwU9mPDxbcrRtfxv4u5IHCEH77BmxvXmmxQ==
  dependencies:
    is-node-process "^1.2.0"
    outvariant "^1.4.0"

"@open-draft/until@^2.0.0":
  version "2.1.0"
  resolved "https://registry.npmjs.org/@open-draft/until/-/until-2.1.0.tgz"
  integrity sha512-U69T3ItWHvLwGg5eJ0n3I62nWuE6ilHlmz7zM0npLBRvPRd7e6NYmg54vvRtP5mZG7kZqZCFVdsTWo7BPtBujg==

dotenv@^16.4.5:
  version "16.4.5"
  resolved "https://registry.npmjs.org/dotenv/-/dotenv-16.4.5.tgz"
  integrity sha512-ZmdL2rui+eB2YwhsWzjInR8LldtZHGDoQ1ugH85ppHKwpUHL7j7rN0Ti9NCnGiQbhaZ11FpR+7ao1dNsmduNUg==

is-node-process@^1.2.0:
  version "1.2.0"
  resolved "https://registry.npmjs.org/is-node-process/-/is-node-process-1.2.0.tgz"
  integrity sha512-Vg4o6/fqPxIjtxgUH5QLJhwZ7gW5diGCVlXpuUfELC62CuxM1iHcRe51f2W1FDy04Ai4KJkagKjx3XaqyfRKXw==

outagelab@^0.2.3:
  version "0.2.3"
  resolved "https://registry.yarnpkg.com/outagelab/-/outagelab-0.2.3.tgz#0168b425d06ebce2b367b1db9575592a822140f8"
  integrity sha512-m0FSfdIz0zdZPLjBGs9KNtwU3qcX2uFzmiq//AoWflkolT1K5W/zjm/ItpcmGtF4MOp+jVg0QghJxx+Y1miuzA==
  dependencies:
    "@mswjs/interceptors" "^0.29.1"

outvariant@^1.2.1, outvariant@^1.4.0:
  version "1.4.2"
  resolved "https://registry.npmjs.org/outvariant/-/outvariant-1.4.2.tgz"
  integrity sha512-Ou3dJ6bA/UJ5GVHxah4LnqDwZRwAmWxrG3wtrHrbGnP4RnLCtA64A4F+ae7Y8ww660JaddSoArUR5HjipWSHAQ==

strict-event-emitter@^0.5.1:
  version "0.5.1"
  resolved "https://registry.npmjs.org/strict-event-emitter/-/strict-event-emitter-0.5.1.tgz"
  integrity sha512-vMgjE/GGEPEFnhFub6pa4FmJBRBVOLpIII2hvCZ8Kzb7K0hlHo7mQv6xYrBvCL2LtAIBwFUK8wvuJgTVSQ5MFQ==
