# THIS IS AN AUTOGENERATED FILE. DO NOT EDIT THIS FILE DIRECTLY.
# yarn lockfile v1


"@mswjs/interceptors@^0.29.1":
  version "0.29.1"
  resolved "https://registry.yarnpkg.com/@mswjs/interceptors/-/interceptors-0.29.1.tgz#e77fc58b5188569041d0440b25c9e9ebb1ccd60a"
  integrity sha512-3rDakgJZ77+RiQUuSK69t1F0m8BQKA8Vh5DCS5V0DWvNY67zob2JhhQrhCO0AKLGINTRSFd1tBaHcJTkhefoSw==
  dependencies:
    "@open-draft/deferred-promise" "^2.2.0"
    "@open-draft/logger" "^0.3.0"
    "@open-draft/until" "^2.0.0"
    is-node-process "^1.2.0"
    outvariant "^1.2.1"
    strict-event-emitter "^0.5.1"

"@open-draft/deferred-promise@^2.2.0":
  version "2.2.0"
  resolved "https://registry.yarnpkg.com/@open-draft/deferred-promise/-/deferred-promise-2.2.0.tgz#4a822d10f6f0e316be4d67b4d4f8c9a124b073bd"
  integrity sha512-CecwLWx3rhxVQF6V4bAgPS5t+So2sTbPgAzafKkVizyi7tlwpcFpdFqq+wqF2OwNBmqFuu6tOyouTuxgpMfzmA==

"@open-draft/logger@^0.3.0":
  version "0.3.0"
  resolved "https://registry.yarnpkg.com/@open-draft/logger/-/logger-0.3.0.tgz#2b3ab1242b360aa0adb28b85f5d7da1c133a0954"
  integrity sha512-X2g45fzhxH238HKO4xbSr7+wBS8Fvw6ixhTDuvLd5mqh6bJJCFAPwU9mPDxbcrRtfxv4u5IHCEH77BmxvXmmxQ==
  dependencies:
    is-node-process "^1.2.0"
    outvariant "^1.4.0"

"@open-draft/until@^2.0.0":
  version "2.1.0"
  resolved "https://registry.yarnpkg.com/@open-draft/until/-/until-2.1.0.tgz#0acf32f470af2ceaf47f095cdecd40d68666efda"
  integrity sha512-U69T3ItWHvLwGg5eJ0n3I62nWuE6ilHlmz7zM0npLBRvPRd7e6NYmg54vvRtP5mZG7kZqZCFVdsTWo7BPtBujg==

is-node-process@^1.2.0:
  version "1.2.0"
  resolved "https://registry.yarnpkg.com/is-node-process/-/is-node-process-1.2.0.tgz#ea02a1b90ddb3934a19aea414e88edef7e11d134"
  integrity sha512-Vg4o6/fqPxIjtxgUH5QLJhwZ7gW5diGCVlXpuUfELC62CuxM1iHcRe51f2W1FDy04Ai4KJkagKjx3XaqyfRKXw==

outvariant@^1.2.1, outvariant@^1.4.0:
  version "1.4.2"
  resolved "https://registry.yarnpkg.com/outvariant/-/outvariant-1.4.2.tgz#f54f19240eeb7f15b28263d5147405752d8e2066"
  integrity sha512-Ou3dJ6bA/UJ5GVHxah4LnqDwZRwAmWxrG3wtrHrbGnP4RnLCtA64A4F+ae7Y8ww660JaddSoArUR5HjipWSHAQ==

strict-event-emitter@^0.5.1:
  version "0.5.1"
  resolved "https://registry.yarnpkg.com/strict-event-emitter/-/strict-event-emitter-0.5.1.tgz#1602ece81c51574ca39c6815e09f1a3e8550bd93"
  integrity sha512-vMgjE/GGEPEFnhFub6pa4FmJBRBVOLpIII2hvCZ8Kzb7K0hlHo7mQv6xYrBvCL2LtAIBwFUK8wvuJgTVSQ5MFQ==
